<?xml version="1.0" encoding="utf-8"?>
<Project ToolsVersion="4.0" xmlns="http://schemas.microsoft.com/developer/msbuild/2003">
  <ItemGroup>
    <Filter Include="Source Files">
      <UniqueIdentifier>{bad2c3d7-7e94-4e4b-9845-76876f8f6971}</UniqueIdentifier>
      <Extensions>cpp;c;cxx;def;odl;idl;hpj;bat;asm</Extensions>
    </Filter>
    <Filter Include="Header Files">
      <UniqueIdentifier>{29fb57c1-f92c-4e33-a257-db4d155adf21}</UniqueIdentifier>
      <Extensions>h;hpp;hxx;hm;inl;inc</Extensions>
    </Filter>
    <Filter Include="Resource Files">
      <UniqueIdentifier>{a21dcaf4-7abd-4ed0-b1c8-f4f4b8f1465a}</UniqueIdentifier>
      <Extensions>rc;ico;cur;bmp;dlg;rc2;rct;bin;rgs;jpg;jpeg;jpe;manifest</Extensions>
    </Filter>
    <Filter Include="common">
      <UniqueIdentifier>{30c1f029-0350-47c4-b786-6399b8b62a55}</UniqueIdentifier>
    </Filter>
  </ItemGroup>
  <ItemGroup>
    <ClCompile Include="ClientApp.cpp">
      <Filter>Source Files</Filter>
    </ClCompile>
    <ClCompile Include="maindlg.CPP">
      <Filter>Source Files</Filter>
    </ClCompile>
    <ClCompile Include="MediaFile.cpp">
      <Filter>Source Files</Filter>
    </ClCompile>
    <ClCompile Include="MediaFileMgr.cpp">
      <Filter>Source Files</Filter>
    </ClCompile>
    <ClCompile Include="MSSqlDB.cpp">
      <Filter>Source Files</Filter>
    </ClCompile>
    <ClCompile Include="P2POrderClient.cpp">
      <Filter>Source Files</Filter>
    </ClCompile>
    <ClCompile Include="stdafx.cpp">
      <Filter>Source Files</Filter>
    </ClCompile>
    <ClCompile Include="..\..\common\io\KFile.cpp">
      <Filter>common</Filter>
    </ClCompile>
    <ClCompile Include="..\..\common\log\KLog.cpp">
      <Filter>common</Filter>
    </ClCompile>
    <ClCompile Include="..\..\common\database\mssql\kmssqlbase.cpp">
      <Filter>common</Filter>
    </ClCompile>
    <ClCompile Include="..\..\common\io\KStream.cpp">
      <Filter>common</Filter>
    </ClCompile>
    <ClCompile Include="..\..\common\misc\KString.cpp">
      <Filter>common</Filter>
    </ClCompile>
    <ClCompile Include="..\..\common\misc\MD5.cpp">
      <Filter>common</Filter>
    </ClCompile>
  </ItemGroup>
  <ItemGroup>
    <ClInclude Include="AboutDlg.h">
      <Filter>Header Files</Filter>
    </ClInclude>
    <ClInclude Include="ClientApp.h">
      <Filter>Header Files</Filter>
    </ClInclude>
    <ClInclude Include="MainDlg.h">
      <Filter>Header Files</Filter>
    </ClInclude>
    <ClInclude Include="MediaFile.h">
      <Filter>Header Files</Filter>
    </ClInclude>
    <ClInclude Include="MediaFileMgr.h">
      <Filter>Header Files</Filter>
    </ClInclude>
    <ClInclude Include="MSSqlDB.h">
      <Filter>Header Files</Filter>
    </ClInclude>
    <ClInclude Include="resource.h">
      <Filter>Header Files</Filter>
    </ClInclude>
    <ClInclude Include="stdafx.h">
      <Filter>Header Files</Filter>
    </ClInclude>
  </ItemGroup>
  <ItemGroup>
    <Manifest Include="res\P2POrderClient.exe.manifest">
      <Filter>Resource Files</Filter>
    </Manifest>
  </ItemGroup>
  <ItemGroup>
    <Image Include="res\P2POrderClient.ico">
      <Filter>Resource Files</Filter>
    </Image>
  </ItemGroup>
  <ItemGroup>
    <ResourceCompile Include="P2POrderClient.rc">
      <Filter>Resource Files</Filter>
    </ResourceCompile>
  </ItemGroup>
</Project>