<?xml version="1.0" encoding="utf-8"?>
<Project ToolsVersion="4.0" xmlns="http://schemas.microsoft.com/developer/msbuild/2003">
  <ItemGroup>
    <Filter Include="源文件">
      <UniqueIdentifier>{4FC737F1-C7A5-4376-A066-2A32D752A2FF}</UniqueIdentifier>
      <Extensions>cpp;c;cxx;def;odl;idl;hpj;bat;asm;asmx</Extensions>
    </Filter>
    <Filter Include="头文件">
      <UniqueIdentifier>{93995380-89BD-4b04-88EB-625FBE52EBFB}</UniqueIdentifier>
      <Extensions>h;hpp;hxx;hm;inl;inc;xsd</Extensions>
    </Filter>
    <Filter Include="资源文件">
      <UniqueIdentifier>{67DA6AB6-F800-4c08-8B7A-83BB121AAD01}</UniqueIdentifier>
      <Extensions>rc;ico;cur;bmp;dlg;rc2;rct;bin;rgs;gif;jpg;jpeg;jpe;resx</Extensions>
    </Filter>
    <Filter Include="生成的文件">
      <UniqueIdentifier>{7907036f-1950-4f33-95e9-b3e3c04a666d}</UniqueIdentifier>
      <SourceControlFiles>False</SourceControlFiles>
    </Filter>
    <Filter Include="Socket">
      <UniqueIdentifier>{16dd110b-e2f6-4876-8a73-8ba68951973e}</UniqueIdentifier>
    </Filter>
    <Filter Include="Socket\Source">
      <UniqueIdentifier>{3b086cd7-e6ea-4e02-8e88-04bf6b0ecaa5}</UniqueIdentifier>
    </Filter>
    <Filter Include="Socket\Header">
      <UniqueIdentifier>{264910dc-bca6-4b1c-9eea-31e53b87f8fc}</UniqueIdentifier>
    </Filter>
    <Filter Include="Network">
      <UniqueIdentifier>{84789b3c-2c44-471d-aea0-d71ae6502820}</UniqueIdentifier>
    </Filter>
  </ItemGroup>
  <ItemGroup>
    <ClCompile Include="..\..\common\io\KFile.cpp">
      <Filter>源文件</Filter>
    </ClCompile>
    <ClCompile Include="..\..\common\log\KLog.cpp">
      <Filter>源文件</Filter>
    </ClCompile>
    <ClCompile Include="P2PService.cpp">
      <Filter>源文件</Filter>
    </ClCompile>
    <ClCompile Include="SocketClientMgr.cpp">
      <Filter>源文件</Filter>
    </ClCompile>
    <ClCompile Include="stdafx.cpp">
      <Filter>源文件</Filter>
    </ClCompile>
    <ClCompile Include="P2PService_i.c">
      <Filter>生成的文件</Filter>
    </ClCompile>
    <ClCompile Include="Socket\HttpRequest.cpp">
      <Filter>Socket\Source</Filter>
    </ClCompile>
    <ClCompile Include="Socket\HttpRequestProcess.cpp">
      <Filter>Socket\Source</Filter>
    </ClCompile>
    <ClCompile Include="Socket\HttpResponse.cpp">
      <Filter>Socket\Source</Filter>
    </ClCompile>
    <ClCompile Include="Socket\HttpServer.cpp">
      <Filter>Socket\Source</Filter>
    </ClCompile>
    <ClCompile Include="Socket\HttpServerInfo.cpp">
      <Filter>Socket\Source</Filter>
    </ClCompile>
    <ClCompile Include="Socket\HttpServerStats.cpp">
      <Filter>Socket\Source</Filter>
    </ClCompile>
    <ClCompile Include="Socket\HttpSocketHandler.cpp">
      <Filter>Socket\Source</Filter>
    </ClCompile>
    <ClCompile Include="Socket\TextFile.cpp">
      <Filter>Socket\Source</Filter>
    </ClCompile>
    <ClCompile Include="Socket\Thread.cpp">
      <Filter>Socket\Source</Filter>
    </ClCompile>
    <ClCompile Include="Socket\TimeStamp.cpp">
      <Filter>Socket\Source</Filter>
    </ClCompile>
    <ClCompile Include="Socket\TransactionFile.cpp">
      <Filter>Socket\Source</Filter>
    </ClCompile>
    <ClCompile Include="..\..\common\io\KStream.cpp">
      <Filter>Network</Filter>
    </ClCompile>
    <ClCompile Include="..\..\common\misc\KString.cpp">
      <Filter>Network</Filter>
    </ClCompile>
  </ItemGroup>
  <ItemGroup>
    <Midl Include="P2PService.idl">
      <Filter>源文件</Filter>
    </Midl>
  </ItemGroup>
  <ItemGroup>
    <ClInclude Include="Resource.h">
      <Filter>头文件</Filter>
    </ClInclude>
    <ClInclude Include="SocketClientMgr.h">
      <Filter>头文件</Filter>
    </ClInclude>
    <ClInclude Include="stdafx.h">
      <Filter>头文件</Filter>
    </ClInclude>
    <ClInclude Include="Socket\HttpBuffer.h">
      <Filter>Socket\Header</Filter>
    </ClInclude>
    <ClInclude Include="Socket\HttpRequest.h">
      <Filter>Socket\Header</Filter>
    </ClInclude>
    <ClInclude Include="Socket\HttpRequestProcess.h">
      <Filter>Socket\Header</Filter>
    </ClInclude>
    <ClInclude Include="Socket\HttpResponse.h">
      <Filter>Socket\Header</Filter>
    </ClInclude>
    <ClInclude Include="Socket\HttpServer.h">
      <Filter>Socket\Header</Filter>
    </ClInclude>
    <ClInclude Include="Socket\HttpServerInfo.h">
      <Filter>Socket\Header</Filter>
    </ClInclude>
    <ClInclude Include="Socket\HttpServerStats.h">
      <Filter>Socket\Header</Filter>
    </ClInclude>
    <ClInclude Include="Socket\HttpSocket.h">
      <Filter>Socket\Header</Filter>
    </ClInclude>
    <ClInclude Include="Socket\HttpSocketHandler.h">
      <Filter>Socket\Header</Filter>
    </ClInclude>
    <ClInclude Include="Socket\HttpStrings.h">
      <Filter>Socket\Header</Filter>
    </ClInclude>
    <ClInclude Include="Socket\HttpUtil.h">
      <Filter>Socket\Header</Filter>
    </ClInclude>
    <ClInclude Include="Socket\Lock.h">
      <Filter>Socket\Header</Filter>
    </ClInclude>
    <ClInclude Include="Socket\Pipe.h">
      <Filter>Socket\Header</Filter>
    </ClInclude>
    <ClInclude Include="Socket\ServerSocket.h">
      <Filter>Socket\Header</Filter>
    </ClInclude>
    <ClInclude Include="Socket\ServerSocketHandler.h">
      <Filter>Socket\Header</Filter>
    </ClInclude>
    <ClInclude Include="Socket\Socket.h">
      <Filter>Socket\Header</Filter>
    </ClInclude>
    <ClInclude Include="Socket\SocketHandler.h">
      <Filter>Socket\Header</Filter>
    </ClInclude>
    <ClInclude Include="Socket\SocketNotify.h">
      <Filter>Socket\Header</Filter>
    </ClInclude>
    <ClInclude Include="Socket\StringEx.h">
      <Filter>Socket\Header</Filter>
    </ClInclude>
    <ClInclude Include="Socket\StringUtil.h">
      <Filter>Socket\Header</Filter>
    </ClInclude>
    <ClInclude Include="Socket\SysEvent.h">
      <Filter>Socket\Header</Filter>
    </ClInclude>
    <ClInclude Include="Socket\TextFile.h">
      <Filter>Socket\Header</Filter>
    </ClInclude>
    <ClInclude Include="Socket\Thread.h">
      <Filter>Socket\Header</Filter>
    </ClInclude>
    <ClInclude Include="Socket\TimeStamp.h">
      <Filter>Socket\Header</Filter>
    </ClInclude>
    <ClInclude Include="Socket\TransactionFile.h">
      <Filter>Socket\Header</Filter>
    </ClInclude>
    <ClInclude Include="Socket\TransferStatus.h">
      <Filter>Socket\Header</Filter>
    </ClInclude>
  </ItemGroup>
  <ItemGroup>
    <ResourceCompile Include="P2PService.rc">
      <Filter>资源文件</Filter>
    </ResourceCompile>
  </ItemGroup>
  <ItemGroup>
    <None Include="P2PService.rgs">
      <Filter>资源文件</Filter>
    </None>
  </ItemGroup>
  <ItemGroup>
    <Text Include="ReadMe.txt" />
  </ItemGroup>
</Project>